// !$*UTF8*$!
{
	archiveVersion = 1;
	classes = {
	};
	objectVersion = 46;
	objects = {

/* Begin PBXBuildFile section */
		025E7DF61AF58B8B00BE8811 /* main.m in Sources */ = {isa = PBXBuildFile; fileRef = 025E7DF51AF58B8B00BE8811 /* main.m */; };
		025E7DF91AF58B8B00BE8811 /* AppDelegate.m in Sources */ = {isa = PBXBuildFile; fileRef = 025E7DF81AF58B8B00BE8811 /* AppDelegate.m */; };
		025E7DFC1AF58B8B00BE8811 /* ViewController.m in Sources */ = {isa = PBXBuildFile; fileRef = 025E7DFB1AF58B8B00BE8811 /* ViewController.m */; };
		025E7DFF1AF58B8B00BE8811 /* Main.storyboard in Resources */ = {isa = PBXBuildFile; fileRef = 025E7DFD1AF58B8B00BE8811 /* Main.storyboard */; };
		025E7E011AF58B8B00BE8811 /* Images.xcassets in Resources */ = {isa = PBXBuildFile; fileRef = 025E7E001AF58B8B00BE8811 /* Images.xcassets */; };
		025E7E041AF58B8B00BE8811 /* LaunchScreen.xib in Resources */ = {isa = PBXBuildFile; fileRef = 025E7E021AF58B8B00BE8811 /* LaunchScreen.xib */; };
		025E7E101AF58B8B00BE8811 /* ChallengeSixTests.m in Sources */ = {isa = PBXBuildFile; fileRef = 025E7E0F1AF58B8B00BE8811 /* ChallengeSixTests.m */; };
/* End PBXBuildFile section */

/* Begin PBXContainerItemProxy section */
		025E7E0A1AF58B8B00BE8811 /* PBXContainerItemProxy */ = {
			isa = PBXContainerItemProxy;
			containerPortal = 025E7DE81AF58B8B00BE8811 /* Project object */;
			proxyType = 1;
			remoteGlobalIDString = 025E7DEF1AF58B8B00BE8811;
			remoteInfo = ChallengeSix;
		};
/* End PBXContainerItemProxy section */

/* Begin PBXFileReference section */
		025E7DF01AF58B8B00BE8811 /* ChallengeSix.app */ = {isa = PBXFileReference; explicitFileType = wrapper.application; includeInIndex = 0; path = ChallengeSix.app; sourceTree = BUILT_PRODUCTS_DIR; };
		025E7DF41AF58B8B00BE8811 /* Info.plist */ = {isa = PBXFileReference; lastKnownFileType = text.plist.xml; path = Info.plist; sourceTree = "<group>"; };
		025E7DF51AF58B8B00BE8811 /* main.m */ = {isa = PBXFileReference; lastKnownFileType = sourcecode.c.objc; path = main.m; sourceTree = "<group>"; };
		025E7DF71AF58B8B00BE8811 /* AppDelegate.h */ = {isa = PBXFileReference; lastKnownFileType = sourcecode.c.h; path = AppDelegate.h; sourceTree = "<group>"; };
		025E7DF81AF58B8B00BE8811 /* AppDelegate.m */ = {isa = PBXFileReference; lastKnownFileType = sourcecode.c.objc; path = AppDelegate.m; sourceTree = "<group>"; };
		025E7DFA1AF58B8B00BE8811 /* ViewController.h */ = {isa = PBXFileReference; lastKnownFileType = sourcecode.c.h; path = ViewController.h; sourceTree = "<group>"; };
		025E7DFB1AF58B8B00BE8811 /* ViewController.m */ = {isa = PBXFileReference; lastKnownFileType = sourcecode.c.objc; path = ViewController.m; sourceTree = "<group>"; };
		025E7DFE1AF58B8B00BE8811 /* Base */ = {isa = PBXFileReference; lastKnownFileType = file.storyboard; name = Base; path = Base.lproj/Main.storyboard; sourceTree = "<group>"; };
		025E7E001AF58B8B00BE8811 /* Images.xcassets */ = {isa = PBXFileReference; lastKnownFileType = folder.assetcatalog; path = Images.xcassets; sourceTree = "<group>"; };
		025E7E031AF58B8B00BE8811 /* Base */ = {isa = PBXFileReference; lastKnownFileType = file.xib; name = Base; path = Base.lproj/LaunchScreen.xib; sourceTree = "<group>"; };
		025E7E091AF58B8B00BE8811 /* ChallengeSixTests.xctest */ = {isa = PBXFileReference; explicitFileType = wrapper.cfbundle; includeInIndex = 0; path = ChallengeSixTests.xctest; sourceTree = BUILT_PRODUCTS_DIR; };
		025E7E0E1AF58B8B00BE8811 /* Info.plist */ = {isa = PBXFileReference; lastKnownFileType = text.plist.xml; path = Info.plist; sourceTree = "<group>"; };
		025E7E0F1AF58B8B00BE8811 /* ChallengeSixTests.m */ = {isa = PBXFileReference; lastKnownFileType = sourcecode.c.objc; path = ChallengeSixTests.m; sourceTree = "<group>"; };
/* End PBXFileReference section */

/* Begin PBXFrameworksBuildPhase section */
		025E7DED1AF58B8B00BE8811 /* Frameworks */ = {
			isa = PBXFrameworksBuildPhase;
			buildActionMask = 2147483647;
			files = (
			);
			runOnlyForDeploymentPostprocessing = 0;
		};
		025E7E061AF58B8B00BE8811 /* Frameworks */ = {
			isa = PBXFrameworksBuildPhase;
			buildActionMask = 2147483647;
			files = (
			);
			runOnlyForDeploymentPostprocessing = 0;
		};
/* End PBXFrameworksBuildPhase section */

/* Begin PBXGroup section */
		025E7DE71AF58B8B00BE8811 = {
			isa = PBXGroup;
			children = (
				025E7DF21AF58B8B00BE8811 /* ChallengeSix */,
				025E7E0C1AF58B8B00BE8811 /* ChallengeSixTests */,
				025E7DF11AF58B8B00BE8811 /* Products */,
			);
			sourceTree = "<group>";
		};
		025E7DF11AF58B8B00BE8811 /* Products */ = {
			isa = PBXGroup;
			children = (
				025E7DF01AF58B8B00BE8811 /* ChallengeSix.app */,
				025E7E091AF58B8B00BE8811 /* ChallengeSixTests.xctest */,
			);
			name = Products;
			sourceTree = "<group>";
		};
		025E7DF21AF58B8B00BE8811 /* ChallengeSix */ = {
			isa = PBXGroup;
			children = (
				025E7DF71AF58B8B00BE8811 /* AppDelegate.h */,
				025E7DF81AF58B8B00BE8811 /* AppDelegate.m */,
				025E7DFA1AF58B8B00BE8811 /* ViewController.h */,
				025E7DFB1AF58B8B00BE8811 /* ViewController.m */,
				025E7DFD1AF58B8B00BE8811 /* Main.storyboard */,
				025E7E001AF58B8B00BE8811 /* Images.xcassets */,
				025E7E021AF58B8B00BE8811 /* LaunchScreen.xib */,
				025E7DF31AF58B8B00BE8811 /* Supporting Files */,
			);
			path = ChallengeSix;
			sourceTree = "<group>";
		};
		025E7DF31AF58B8B00BE8811 /* Supporting Files */ = {
			isa = PBXGroup;
			children = (
				025E7DF41AF58B8B00BE8811 /* Info.plist */,
				025E7DF51AF58B8B00BE8811 /* main.m */,
			);
			name = "Supporting Files";
			sourceTree = "<group>";
		};
		025E7E0C1AF58B8B00BE8811 /* ChallengeSixTests */ = {
			isa = PBXGroup;
			children = (
				025E7E0F1AF58B8B00BE8811 /* ChallengeSixTests.m */,
				025E7E0D1AF58B8B00BE8811 /* Supporting Files */,
			);
			path = ChallengeSixTests;
			sourceTree = "<group>";
		};
		025E7E0D1AF58B8B00BE8811 /* Supporting Files */ = {
			isa = PBXGroup;
			children = (
				025E7E0E1AF58B8B00BE8811 /* Info.plist */,
			);
			name = "Supporting Files";
			sourceTree = "<group>";
		};
/* End PBXGroup section */

/* Begin PBXNativeTarget section */
		025E7DEF1AF58B8B00BE8811 /* ChallengeSix */ = {
			isa = PBXNativeTarget;
			buildConfigurationList = 025E7E131AF58B8B00BE8811 /* Build configuration list for PBXNativeTarget "ChallengeSix" */;
			buildPhases = (
				025E7DEC1AF58B8B00BE8811 /* Sources */,
				025E7DED1AF58B8B00BE8811 /* Frameworks */,
				025E7DEE1AF58B8B00BE8811 /* Resources */,
			);
			buildRules = (
			);
			dependencies = (
			);
			name = ChallengeSix;
			productName = ChallengeSix;
			productReference = 025E7DF01AF58B8B00BE8811 /* ChallengeSix.app */;
			productType = "com.apple.product-type.application";
		};
		025E7E081AF58B8B00BE8811 /* ChallengeSixTests */ = {
			isa = PBXNativeTarget;
			buildConfigurationList = 025E7E161AF58B8B00BE8811 /* Build configuration list for PBXNativeTarget "ChallengeSixTests" */;
			buildPhases = (
				025E7E051AF58B8B00BE8811 /* Sources */,
				025E7E061AF58B8B00BE8811 /* Frameworks */,
				025E7E071AF58B8B00BE8811 /* Resources */,
			);
			buildRules = (
			);
			dependencies = (
				025E7E0B1AF58B8B00BE8811 /* PBXTargetDependency */,
			);
			name = ChallengeSixTests;
			productName = ChallengeSixTests;
			productReference = 025E7E091AF58B8B00BE8811 /* ChallengeSixTests.xctest */;
			productType = "com.apple.product-type.bundle.unit-test";
		};
/* End PBXNativeTarget section */

/* Begin PBXProject section */
		025E7DE81AF58B8B00BE8811 /* Project object */ = {
			isa = PBXProject;
			attributes = {
				LastUpgradeCheck = 0630;
				ORGANIZATIONNAME = NeilMakn;
				TargetAttributes = {
					025E7DEF1AF58B8B00BE8811 = {
						CreatedOnToolsVersion = 6.3.1;
					};
					025E7E081AF58B8B00BE8811 = {
						CreatedOnToolsVersion = 6.3.1;
						TestTargetID = 025E7DEF1AF58B8B00BE8811;
					};
				};
			};
			buildConfigurationList = 025E7DEB1AF58B8B00BE8811 /* Build configuration list for PBXProject "ChallengeSix" */;
			compatibilityVersion = "Xcode 3.2";
			developmentRegion = English;
			hasScannedForEncodings = 0;
			knownRegions = (
				en,
				Base,
			);
			mainGroup = 025E7DE71AF58B8B00BE8811;
			productRefGroup = 025E7DF11AF58B8B00BE8811 /* Products */;
			projectDirPath = "";
			projectRoot = "";
			targets = (
				025E7DEF1AF58B8B00BE8811 /* ChallengeSix */,
				025E7E081AF58B8B00BE8811 /* ChallengeSixTests */,
			);
		};
/* End PBXProject section */

/* Begin PBXResourcesBuildPhase section */
		025E7DEE1AF58B8B00BE8811 /* Resources */ = {
			isa = PBXResourcesBuildPhase;
			buildActionMask = 2147483647;
			files = (
				025E7DFF1AF58B8B00BE8811 /* Main.storyboard in Resources */,
				025E7E041AF58B8B00BE8811 /* LaunchScreen.xib in Resources */,
				025E7E011AF58B8B00BE8811 /* Images.xcassets in Resources */,
			);
			runOnlyForDeploymentPostprocessing = 0;
		};
		025E7E071AF58B8B00BE8811 /* Resources */ = {
			isa = PBXResourcesBuildPhase;
			buildActionMask = 2147483647;
			files = (
			);
			runOnlyForDeploymentPostprocessing = 0;
		};
/* End PBXResourcesBuildPhase section */

/* Begin PBXSourcesBuildPhase section */
		025E7DEC1AF58B8B00BE8811 /* Sources */ = {
			isa = PBXSourcesBuildPhase;
			buildActionMask = 2147483647;
			files = (
				025E7DFC1AF58B8B00BE8811 /* ViewController.m in Sources */,
				025E7DF91AF58B8B00BE8811 /* AppDelegate.m in Sources */,
				025E7DF61AF58B8B00BE8811 /* main.m in Sources */,
			);
			runOnlyForDeploymentPostprocessing = 0;
		};
		025E7E051AF58B8B00BE8811 /* Sources */ = {
			isa = PBXSourcesBuildPhase;
			buildActionMask = 2147483647;
			files = (
				025E7E101AF58B8B00BE8811 /* ChallengeSixTests.m in Sources */,
			);
			runOnlyForDeploymentPostprocessing = 0;
		};
/* End PBXSourcesBuildPhase section */

/* Begin PBXTargetDependency section */
		025E7E0B1AF58B8B00BE8811 /* PBXTargetDependency */ = {
			isa = PBXTargetDependency;
			target = 025E7DEF1AF58B8B00BE8811 /* ChallengeSix */;
			targetProxy = 025E7E0A1AF58B8B00BE8811 /* PBXContainerItemProxy */;
		};
/* End PBXTargetDependency section */

/* Begin PBXVariantGroup section */
		025E7DFD1AF58B8B00BE8811 /* Main.storyboard */ = {
			isa = PBXVariantGroup;
			children = (
				025E7DFE1AF58B8B00BE8811 /* Base */,
			);
			name = Main.storyboard;
			sourceTree = "<group>";
		};
		025E7E021AF58B8B00BE8811 /* LaunchScreen.xib */ = {
			isa = PBXVariantGroup;
			children = (
				025E7E031AF58B8B00BE8811 /* Base */,
			);
			name = LaunchScreen.xib;
			sourceTree = "<group>";
		};
/* End PBXVariantGroup section */

/* Begin XCBuildConfiguration section */
		025E7E111AF58B8B00BE8811 /* Debug */ = {
			isa = XCBuildConfiguration;
			buildSettings = {
				ALWAYS_SEARCH_USER_PATHS = NO;
				CLANG_CXX_LANGUAGE_STANDARD = "gnu++0x";
				CLANG_CXX_LIBRARY = "libc++";
				CLANG_ENABLE_MODULES = YES;
				CLANG_ENABLE_OBJC_ARC = YES;
				CLANG_WARN_BOOL_CONVERSION = YES;
				CLANG_WARN_CONSTANT_CONVERSION = YES;
				CLANG_WARN_DIRECT_OBJC_ISA_USAGE = YES_ERROR;
				CLANG_WARN_EMPTY_BODY = YES;
				CLANG_WARN_ENUM_CONVERSION = YES;
				CLANG_WARN_INT_CONVERSION = YES;
				CLANG_WARN_OBJC_ROOT_CLASS = YES_ERROR;
				CLANG_WARN_UNREACHABLE_CODE = YES;
				CLANG_WARN__DUPLICATE_METHOD_MATCH = YES;
				"CODE_SIGN_IDENTITY[sdk=iphoneos*]" = "iPhone Developer";
				COPY_PHASE_STRIP = NO;
				DEBUG_INFORMATION_FORMAT = "dwarf-with-dsym";
				ENABLE_STRICT_OBJC_MSGSEND = YES;
				GCC_C_LANGUAGE_STANDARD = gnu99;
				GCC_DYNAMIC_NO_PIC = NO;
				GCC_NO_COMMON_BLOCKS = YES;
				GCC_OPTIMIZATION_LEVEL = 0;
				GCC_PREPROCESSOR_DEFINITIONS = (
					"DEBUG=1",
					"$(inherited)",
				);
				GCC_SYMBOLS_PRIVATE_EXTERN = NO;
				GCC_WARN_64_TO_32_BIT_CONVERSION = YES;
				GCC_WARN_ABOUT_RETURN_TYPE = YES_ERROR;
				GCC_WARN_UNDECLARED_SELECTOR = YES;
				GCC_WARN_UNINITIALIZED_AUTOS = YES_AGGRESSIVE;
				GCC_WARN_UNUSED_FUNCTION = YES;
				GCC_WARN_UNUSED_VARIABLE = YES;
				IPHONEOS_DEPLOYMENT_TARGET = 8.3;
				MTL_ENABLE_DEBUG_INFO = YES;
				ONLY_ACTIVE_ARCH = YES;
				SDKROOT = iphoneos;
			};
			name = Debug;
		};
		025E7E121AF58B8B00BE8811 /* Release */ = {
			isa = XCBuildConfiguration;
			buildSettings = {
				ALWAYS_SEARCH_USER_PATHS = NO;
				CLANG_CXX_LANGUAGE_STANDARD = "gnu++0x";
				CLANG_CXX_LIBRARY = "libc++";
				CLANG_ENABLE_MODULES = YES;
				CLANG_ENABLE_OBJC_ARC = YES;
				CLANG_WARN_BOOL_CONVERSION = YES;
				CLANG_WARN_CONSTANT_CONVERSION = YES;
				CLANG_WARN_DIRECT_OBJC_ISA_USAGE = YES_ERROR;
				CLANG_WARN_EMPTY_BODY = YES;
				CLANG_WARN_ENUM_CONVERSION = YES;
				CLANG_WARN_INT_CONVERSION = YES;
				CLANG_WARN_OBJC_ROOT_CLASS = YES_ERROR;
				CLANG_WARN_UNREACHABLE_CODE = YES;
				CLANG_WARN__DUPLICATE_METHOD_MATCH = YES;
				"CODE_SIGN_IDENTITY[sdk=iphoneos*]" = "iPhone Developer";
				COPY_PHASE_STRIP = NO;
				DEBUG_INFORMATION_FORMAT = "dwarf-with-dsym";
				ENABLE_NS_ASSERTIONS = NO;
				ENABLE_STRICT_OBJC_MSGSEND = YES;
				GCC_C_LANGUAGE_STANDARD = gnu99;
				GCC_NO_COMMON_BLOCKS = YES;
				GCC_WARN_64_TO_32_BIT_CONVERSION = YES;
				GCC_WARN_ABOUT_RETURN_TYPE = YES_ERROR;
				GCC_WARN_UNDECLARED_SELECTOR = YES;
				GCC_WARN_UNINITIALIZED_AUTOS = YES_AGGRESSIVE;
				GCC_WARN_UNUSED_FUNCTION = YES;
				GCC_WARN_UNUSED_VARIABLE = YES;
				IPHONEOS_DEPLOYMENT_TARGET = 8.3;
				MTL_ENABLE_DEBUG_INFO = NO;
				SDKROOT = iphoneos;
				VALIDATE_PRODUCT = YES;
			};
			name = Release;
		};
		025E7E141AF58B8B00BE8811 /* Debug */ = {
			isa = XCBuildConfiguration;
			buildSettings = {
				ASSETCATALOG_COMPILER_APPICON_NAME = AppIcon;
				INFOPLIST_FILE = ChallengeSix/Info.plist;
				LD_RUNPATH_SEARCH_PATHS = "$(inherited) @executable_path/Frameworks";
				PRODUCT_NAME = "$(TARGET_NAME)";
			};
			name = Debug;
		};
		025E7E151AF58B8B00BE8811 /* Release */ = {
			isa = XCBuildConfiguration;
			buildSettings = {
				ASSETCATALOG_COMPILER_APPICON_NAME = AppIcon;
				INFOPLIST_FILE = ChallengeSix/Info.plist;
				LD_RUNPATH_SEARCH_PATHS = "$(inherited) @executable_path/Frameworks";
				PRODUCT_NAME = "$(TARGET_NAME)";
			};
			name = Release;
		};
		025E7E171AF58B8B00BE8811 /* Debug */ = {
			isa = XCBuildConfiguration;
			buildSettings = {
				BUNDLE_LOADER = "$(TEST_HOST)";
				FRAMEWORK_SEARCH_PATHS = (
					"$(SDKROOT)/Developer/Library/Frameworks",
					"$(inherited)",
				);
				GCC_PREPROCESSOR_DEFINITIONS = (
					"DEBUG=1",
					"$(inherited)",
				);
				INFOPLIST_FILE = ChallengeSixTests/Info.plist;
				LD_RUNPATH_SEARCH_PATHS = "$(inherited) @executable_path/Frameworks @loader_path/Frameworks";
				PRODUCT_NAME = "$(TARGET_NAME)";
				TEST_HOST = "$(BUILT_PRODUCTS_DIR)/ChallengeSix.app/ChallengeSix";
			};
			name = Debug;
		};
		025E7E181AF58B8B00BE8811 /* Release */ = {
			isa = XCBuildConfiguration;
			buildSettings = {
				BUNDLE_LOADER = "$(TEST_HOST)";
				FRAMEWORK_SEARCH_PATHS = (
					"$(SDKROOT)/Developer/Library/Frameworks",
					"$(inherited)",
				);
				INFOPLIST_FILE = ChallengeSixTests/Info.plist;
				LD_RUNPATH_SEARCH_PATHS = "$(inherited) @executable_path/Frameworks @loader_path/Frameworks";
				PRODUCT_NAME = "$(TARGET_NAME)";
				TEST_HOST = "$(BUILT_PRODUCTS_DIR)/ChallengeSix.app/ChallengeSix";
			};
			name = Release;
		};
/* End XCBuildConfiguration section */

/* Begin XCConfigurationList section */
		025E7DEB1AF58B8B00BE8811 /* Build configuration list for PBXProject "ChallengeSix" */ = {
			isa = XCConfigurationList;
			buildConfigurations = (
				025E7E111AF58B8B00BE8811 /* Debug */,
				025E7E121AF58B8B00BE8811 /* Release */,
			);
			defaultConfigurationIsVisible = 0;
			defaultConfigurationName = Release;
		};
		025E7E131AF58B8B00BE8811 /* Build configuration list for PBXNativeTarget "ChallengeSix" */ = {
			isa = XCConfigurationList;
			buildConfigurations = (
				025E7E141AF58B8B00BE8811 /* Debug */,
				025E7E151AF58B8B00BE8811 /* Release */,
			);
			defaultConfigurationIsVisible = 0;
		};
		025E7E161AF58B8B00BE8811 /* Build configuration list for PBXNativeTarget "ChallengeSixTests" */ = {
			isa = XCConfigurationList;
			buildConfigurations = (
				025E7E171AF58B8B00BE8811 /* Debug */,
				025E7E181AF58B8B00BE8811 /* Release */,
			);
			defaultConfigurationIsVisible = 0;
		};
/* End XCConfigurationList section */
	};
	rootObject = 025E7DE81AF58B8B00BE8811 /* Project object */;
}
